
Microsoft Visual Studio Solution File, Format Version 12.00
# Visual Studio 2013
VisualStudioVersion = 12.0.21005.1
MinimumVisualStudioVersion = 10.0.40219.1
Project("{FAE04EC0-301F-11D3-BF4B-00C04F79EFBC}") = "Aula_Exercicio_14_07_2015", "Aula_Exercicio_14_07_2015\Aula_Exercicio_14_07_2015.csproj", "{47BD75FA-11B8-402B-B3EB-F5E3C433F0C0}"
EndProject
Global
	GlobalSection(SolutionConfigurationPlatforms) = preSolution
		Debug|Any CPU = Debug|Any CPU
		Release|Any CPU = Release|Any CPU
	EndGlobalSection
	GlobalSection(ProjectConfigurationPlatforms) = postSolution
		{47BD75FA-11B8-402B-B3EB-F5E3C433F0C0}.Debug|Any CPU.ActiveCfg = Debug|Any CPU
		{47BD75FA-11B8-402B-B3EB-F5E3C433F0C0}.Debug|Any CPU.Build.0 = Debug|Any CPU
		{47BD75FA-11B8-402B-B3EB-F5E3C433F0C0}.Release|Any CPU.ActiveCfg = Release|Any CPU
		{47BD75FA-11B8-402B-B3EB-F5E3C433F0C0}.Release|Any CPU.Build.0 = Release|Any CPU
	EndGlobalSection
	GlobalSection(SolutionProperties) = preSolution
		HideSolutionNode = FALSE
	EndGlobalSection
EndGlobal
